// !$*UTF8*$!
{
	archiveVersion = 1;
	classes = {
	};
	objectVersion = 46;
	objects = {

/* Begin PBXBuildFile section */
		85EAFE071328975300D105A0 /* Cocoa.framework in Frameworks */ = {isa = PBXBuildFile; fileRef = 85EAFE061328975300D105A0 /* Cocoa.framework */; };
		85EAFE111328975300D105A0 /* InfoPlist.strings in Resources */ = {isa = PBXBuildFile; fileRef = 85EAFE0F1328975300D105A0 /* InfoPlist.strings */; };
		85EAFE1A1328982700D105A0 /* SparrowEmojiPlugin.m in Sources */ = {isa = PBXBuildFile; fileRef = 85EAFE191328982700D105A0 /* SparrowEmojiPlugin.m */; };
		85EAFE1F13289BED00D105A0 /* JRSwizzle.m in Sources */ = {isa = PBXBuildFile; fileRef = 85EAFE1E13289BED00D105A0 /* JRSwizzle.m */; };
		85EAFE2C132A68EE00D105A0 /* SparrowEmojiPlugin+Docomo.m in Sources */ = {isa = PBXBuildFile; fileRef = 85EAFE2B132A68ED00D105A0 /* SparrowEmojiPlugin+Docomo.m */; };
/* End PBXBuildFile section */

/* Begin PBXFileReference section */
		85EAFE031328975300D105A0 /* SparrowEmojiPlugin.bundle */ = {isa = PBXFileReference; explicitFileType = wrapper.cfbundle; includeInIndex = 0; path = SparrowEmojiPlugin.bundle; sourceTree = BUILT_PRODUCTS_DIR; };
		85EAFE061328975300D105A0 /* Cocoa.framework */ = {isa = PBXFileReference; lastKnownFileType = wrapper.framework; name = Cocoa.framework; path = System/Library/Frameworks/Cocoa.framework; sourceTree = SDKROOT; };
		85EAFE091328975300D105A0 /* AppKit.framework */ = {isa = PBXFileReference; lastKnownFileType = wrapper.framework; name = AppKit.framework; path = System/Library/Frameworks/AppKit.framework; sourceTree = SDKROOT; };
		85EAFE0A1328975300D105A0 /* CoreData.framework */ = {isa = PBXFileReference; lastKnownFileType = wrapper.framework; name = CoreData.framework; path = System/Library/Frameworks/CoreData.framework; sourceTree = SDKROOT; };
		85EAFE0B1328975300D105A0 /* Foundation.framework */ = {isa = PBXFileReference; lastKnownFileType = wrapper.framework; name = Foundation.framework; path = System/Library/Frameworks/Foundation.framework; sourceTree = SDKROOT; };
		85EAFE0E1328975300D105A0 /* SparrowEmojiPlugin-Info.plist */ = {isa = PBXFileReference; lastKnownFileType = text.plist.xml; path = "SparrowEmojiPlugin-Info.plist"; sourceTree = "<group>"; };
		85EAFE101328975300D105A0 /* en */ = {isa = PBXFileReference; lastKnownFileType = text.plist.strings; name = en; path = en.lproj/InfoPlist.strings; sourceTree = "<group>"; };
		85EAFE121328975300D105A0 /* SparrowEmojiPlugin-Prefix.pch */ = {isa = PBXFileReference; lastKnownFileType = sourcecode.c.h; path = "SparrowEmojiPlugin-Prefix.pch"; sourceTree = "<group>"; };
		85EAFE181328982700D105A0 /* SparrowEmojiPlugin.h */ = {isa = PBXFileReference; fileEncoding = 4; lastKnownFileType = sourcecode.c.h; name = SparrowEmojiPlugin.h; path = SparrowEmojiPlugin/Classes/SparrowEmojiPlugin.h; sourceTree = "<group>"; };
		85EAFE191328982700D105A0 /* SparrowEmojiPlugin.m */ = {isa = PBXFileReference; fileEncoding = 4; lastKnownFileType = sourcecode.c.objc; name = SparrowEmojiPlugin.m; path = SparrowEmojiPlugin/Classes/SparrowEmojiPlugin.m; sourceTree = "<group>"; };
		85EAFE1D13289BED00D105A0 /* JRSwizzle.h */ = {isa = PBXFileReference; fileEncoding = 4; lastKnownFileType = sourcecode.c.h; name = JRSwizzle.h; path = JRSwizzle/JRSwizzle.h; sourceTree = "<group>"; };
		85EAFE1E13289BED00D105A0 /* JRSwizzle.m */ = {isa = PBXFileReference; fileEncoding = 4; lastKnownFileType = sourcecode.c.objc; name = JRSwizzle.m; path = JRSwizzle/JRSwizzle.m; sourceTree = "<group>"; };
		85EAFE2A132A68EC00D105A0 /* SparrowEmojiPlugin+Docomo.h */ = {isa = PBXFileReference; fileEncoding = 4; lastKnownFileType = sourcecode.c.h; name = "SparrowEmojiPlugin+Docomo.h"; path = "SparrowEmojiPlugin/Classes/SparrowEmojiPlugin+Docomo.h"; sourceTree = "<group>"; };
		85EAFE2B132A68ED00D105A0 /* SparrowEmojiPlugin+Docomo.m */ = {isa = PBXFileReference; fileEncoding = 4; lastKnownFileType = sourcecode.c.objc; name = "SparrowEmojiPlugin+Docomo.m"; path = "SparrowEmojiPlugin/Classes/SparrowEmojiPlugin+Docomo.m"; sourceTree = "<group>"; };
/* End PBXFileReference section */

/* Begin PBXFrameworksBuildPhase section */
		85EAFE001328975300D105A0 /* Frameworks */ = {
			isa = PBXFrameworksBuildPhase;
			buildActionMask = 2147483647;
			files = (
				85EAFE071328975300D105A0 /* Cocoa.framework in Frameworks */,
			);
			runOnlyForDeploymentPostprocessing = 0;
		};
/* End PBXFrameworksBuildPhase section */

/* Begin PBXGroup section */
		85EAFDF81328975300D105A0 = {
			isa = PBXGroup;
			children = (
				85EAFE0C1328975300D105A0 /* SparrowEmojiPlugin */,
				85EAFE1C13289BBB00D105A0 /* JRSwizzle */,
				85EAFE051328975300D105A0 /* Frameworks */,
				85EAFE041328975300D105A0 /* Products */,
			);
			sourceTree = "<group>";
		};
		85EAFE041328975300D105A0 /* Products */ = {
			isa = PBXGroup;
			children = (
				85EAFE031328975300D105A0 /* SparrowEmojiPlugin.bundle */,
			);
			name = Products;
			sourceTree = "<group>";
		};
		85EAFE051328975300D105A0 /* Frameworks */ = {
			isa = PBXGroup;
			children = (
				85EAFE061328975300D105A0 /* Cocoa.framework */,
				85EAFE081328975300D105A0 /* Other Frameworks */,
			);
			name = Frameworks;
			sourceTree = "<group>";
		};
		85EAFE081328975300D105A0 /* Other Frameworks */ = {
			isa = PBXGroup;
			children = (
				85EAFE091328975300D105A0 /* AppKit.framework */,
				85EAFE0A1328975300D105A0 /* CoreData.framework */,
				85EAFE0B1328975300D105A0 /* Foundation.framework */,
			);
			name = "Other Frameworks";
			sourceTree = "<group>";
		};
		85EAFE0C1328975300D105A0 /* SparrowEmojiPlugin */ = {
			isa = PBXGroup;
			children = (
				85EAFE1B132898E200D105A0 /* Classes */,
				85EAFE0D1328975300D105A0 /* Supporting Files */,
			);
			path = SparrowEmojiPlugin;
			sourceTree = "<group>";
		};
		85EAFE0D1328975300D105A0 /* Supporting Files */ = {
			isa = PBXGroup;
			children = (
				85EAFE0E1328975300D105A0 /* SparrowEmojiPlugin-Info.plist */,
				85EAFE0F1328975300D105A0 /* InfoPlist.strings */,
				85EAFE121328975300D105A0 /* SparrowEmojiPlugin-Prefix.pch */,
			);
			name = "Supporting Files";
			sourceTree = "<group>";
		};
		85EAFE1B132898E200D105A0 /* Classes */ = {
			isa = PBXGroup;
			children = (
				85EAFE181328982700D105A0 /* SparrowEmojiPlugin.h */,
				85EAFE191328982700D105A0 /* SparrowEmojiPlugin.m */,
				85EAFE2A132A68EC00D105A0 /* SparrowEmojiPlugin+Docomo.h */,
				85EAFE2B132A68ED00D105A0 /* SparrowEmojiPlugin+Docomo.m */,
			);
			name = Classes;
			path = ..;
			sourceTree = "<group>";
		};
		85EAFE1C13289BBB00D105A0 /* JRSwizzle */ = {
			isa = PBXGroup;
			children = (
				85EAFE1D13289BED00D105A0 /* JRSwizzle.h */,
				85EAFE1E13289BED00D105A0 /* JRSwizzle.m */,
			);
			name = JRSwizzle;
			sourceTree = "<group>";
		};
/* End PBXGroup section */

/* Begin PBXNativeTarget section */
		85EAFE021328975300D105A0 /* SparrowEmojiPlugin */ = {
			isa = PBXNativeTarget;
			buildConfigurationList = 85EAFE151328975300D105A0 /* Build configuration list for PBXNativeTarget "SparrowEmojiPlugin" */;
			buildPhases = (
				85EAFDFF1328975300D105A0 /* Sources */,
				85EAFE001328975300D105A0 /* Frameworks */,
				85EAFE011328975300D105A0 /* Resources */,
			);
			buildRules = (
			);
			dependencies = (
			);
			name = SparrowEmojiPlugin;
			productName = SparrowEmojiPlugin;
			productReference = 85EAFE031328975300D105A0 /* SparrowEmojiPlugin.bundle */;
			productType = "com.apple.product-type.bundle";
		};
/* End PBXNativeTarget section */

/* Begin PBXProject section */
		85EAFDFA1328975300D105A0 /* Project object */ = {
			isa = PBXProject;
			buildConfigurationList = 85EAFDFD1328975300D105A0 /* Build configuration list for PBXProject "SparrowEmojiPlugin" */;
			compatibilityVersion = "Xcode 3.2";
			developmentRegion = English;
			hasScannedForEncodings = 0;
			knownRegions = (
				en,
			);
			mainGroup = 85EAFDF81328975300D105A0;
			productRefGroup = 85EAFE041328975300D105A0 /* Products */;
			projectDirPath = "";
			projectRoot = "";
			targets = (
				85EAFE021328975300D105A0 /* SparrowEmojiPlugin */,
			);
		};
/* End PBXProject section */

/* Begin PBXResourcesBuildPhase section */
		85EAFE011328975300D105A0 /* Resources */ = {
			isa = PBXResourcesBuildPhase;
			buildActionMask = 2147483647;
			files = (
				85EAFE111328975300D105A0 /* InfoPlist.strings in Resources */,
			);
			runOnlyForDeploymentPostprocessing = 0;
		};
/* End PBXResourcesBuildPhase section */

/* Begin PBXSourcesBuildPhase section */
		85EAFDFF1328975300D105A0 /* Sources */ = {
			isa = PBXSourcesBuildPhase;
			buildActionMask = 2147483647;
			files = (
				85EAFE1A1328982700D105A0 /* SparrowEmojiPlugin.m in Sources */,
				85EAFE1F13289BED00D105A0 /* JRSwizzle.m in Sources */,
				85EAFE2C132A68EE00D105A0 /* SparrowEmojiPlugin+Docomo.m in Sources */,
			);
			runOnlyForDeploymentPostprocessing = 0;
		};
/* End PBXSourcesBuildPhase section */

/* Begin PBXVariantGroup section */
		85EAFE0F1328975300D105A0 /* InfoPlist.strings */ = {
			isa = PBXVariantGroup;
			children = (
				85EAFE101328975300D105A0 /* en */,
			);
			name = InfoPlist.strings;
			sourceTree = "<group>";
		};
/* End PBXVariantGroup section */

/* Begin XCBuildConfiguration section */
		85EAFE131328975300D105A0 /* Debug */ = {
			isa = XCBuildConfiguration;
			buildSettings = {
				ARCHS = "$(ARCHS_STANDARD_32_64_BIT)";
				GCC_C_LANGUAGE_STANDARD = gnu99;
				GCC_OPTIMIZATION_LEVEL = 0;
				GCC_PREPROCESSOR_DEFINITIONS = DEBUG;
				GCC_SYMBOLS_PRIVATE_EXTERN = NO;
				GCC_VERSION = com.apple.compilers.llvm.clang.1_0;
				GCC_WARN_64_TO_32_BIT_CONVERSION = YES;
				GCC_WARN_ABOUT_RETURN_TYPE = YES;
				GCC_WARN_UNUSED_VARIABLE = YES;
				MACOSX_DEPLOYMENT_TARGET = 10.6;
				ONLY_ACTIVE_ARCH = YES;
				SDKROOT = macosx;
			};
			name = Debug;
		};
		85EAFE141328975300D105A0 /* Release */ = {
			isa = XCBuildConfiguration;
			buildSettings = {
				ARCHS = "$(ARCHS_STANDARD_32_64_BIT)";
				GCC_C_LANGUAGE_STANDARD = gnu99;
				GCC_VERSION = com.apple.compilers.llvm.clang.1_0;
				GCC_WARN_64_TO_32_BIT_CONVERSION = YES;
				GCC_WARN_ABOUT_RETURN_TYPE = YES;
				GCC_WARN_UNUSED_VARIABLE = YES;
				MACOSX_DEPLOYMENT_TARGET = 10.6;
				SDKROOT = macosx;
			};
			name = Release;
		};
		85EAFE161328975300D105A0 /* Debug */ = {
			isa = XCBuildConfiguration;
			buildSettings = {
				ALWAYS_SEARCH_USER_PATHS = NO;
				COPY_PHASE_STRIP = NO;
				GCC_DYNAMIC_NO_PIC = NO;
				GCC_ENABLE_OBJC_EXCEPTIONS = YES;
				GCC_PRECOMPILE_PREFIX_HEADER = YES;
				GCC_PREFIX_HEADER = "SparrowEmojiPlugin/SparrowEmojiPlugin-Prefix.pch";
				INFOPLIST_FILE = "SparrowEmojiPlugin/SparrowEmojiPlugin-Info.plist";
				INSTALL_PATH = "$(LOCAL_LIBRARY_DIR)/Bundles";
				PRODUCT_NAME = "$(TARGET_NAME)";
				WRAPPER_EXTENSION = bundle;
			};
			name = Debug;
		};
		85EAFE171328975300D105A0 /* Release */ = {
			isa = XCBuildConfiguration;
			buildSettings = {
				ALWAYS_SEARCH_USER_PATHS = NO;
				COPY_PHASE_STRIP = YES;
				DEBUG_INFORMATION_FORMAT = "dwarf-with-dsym";
				GCC_ENABLE_OBJC_EXCEPTIONS = YES;
				GCC_PRECOMPILE_PREFIX_HEADER = YES;
				GCC_PREFIX_HEADER = "SparrowEmojiPlugin/SparrowEmojiPlugin-Prefix.pch";
				INFOPLIST_FILE = "SparrowEmojiPlugin/SparrowEmojiPlugin-Info.plist";
				INSTALL_PATH = "$(LOCAL_LIBRARY_DIR)/Bundles";
				PRODUCT_NAME = "$(TARGET_NAME)";
				WRAPPER_EXTENSION = bundle;
			};
			name = Release;
		};
/* End XCBuildConfiguration section */

/* Begin XCConfigurationList section */
		85EAFDFD1328975300D105A0 /* Build configuration list for PBXProject "SparrowEmojiPlugin" */ = {
			isa = XCConfigurationList;
			buildConfigurations = (
				85EAFE131328975300D105A0 /* Debug */,
				85EAFE141328975300D105A0 /* Release */,
			);
			defaultConfigurationIsVisible = 0;
			defaultConfigurationName = Release;
		};
		85EAFE151328975300D105A0 /* Build configuration list for PBXNativeTarget "SparrowEmojiPlugin" */ = {
			isa = XCConfigurationList;
			buildConfigurations = (
				85EAFE161328975300D105A0 /* Debug */,
				85EAFE171328975300D105A0 /* Release */,
			);
			defaultConfigurationIsVisible = 0;
			defaultConfigurationName = Release;
		};
/* End XCConfigurationList section */
	};
	rootObject = 85EAFDFA1328975300D105A0 /* Project object */;
}
